
Microsoft Visual Studio Solution File, Format Version 12.00
# Visual Studio Version 17
VisualStudioVersion = 17.11.35219.272
MinimumVisualStudioVersion = 10.0.40219.1
Project("{FAE04EC0-301F-11D3-BF4B-00C04F79EFBC}") = "Wattmate_Site", "Wattmate_Site.csproj", "{B6F367DA-ABB2-4BE0-8CF0-3C7BBF656F25}"
EndProject
Global
	GlobalSection(SolutionConfigurationPlatforms) = preSolution
		Debug|Any CPU = Debug|Any CPU
		Release|Any CPU = Release|Any CPU
	EndGlobalSection
	GlobalSection(ProjectConfigurationPlatforms) = postSolution
		{B6F367DA-ABB2-4BE0-8CF0-3C7BBF656F25}.Debug|Any CPU.ActiveCfg = Debug|Any CPU
		{B6F367DA-ABB2-4BE0-8CF0-3C7BBF656F25}.Debug|Any CPU.Build.0 = Debug|Any CPU
		{B6F367DA-ABB2-4BE0-8CF0-3C7BBF656F25}.Release|Any CPU.ActiveCfg = Release|Any CPU
		{B6F367DA-ABB2-4BE0-8CF0-3C7BBF656F25}.Release|Any CPU.Build.0 = Release|Any CPU
	EndGlobalSection
	GlobalSection(SolutionProperties) = preSolution
		HideSolutionNode = FALSE
	EndGlobalSection
	GlobalSection(ExtensibilityGlobals) = postSolution
		SolutionGuid = {73C6163E-2D4D-440B-9D5D-D9D764E5127D}
	EndGlobalSection
EndGlobal
